
Microsoft Visual Studio Solution File, Format Version 12.00
# Visual Studio 15
VisualStudioVersion = 15.0.28010.2019
MinimumVisualStudioVersion = 10.0.40219.1
Project("{FAE04EC0-301F-11D3-BF4B-00C04F79EFBC}") = "lab3", "lab3\lab3.csproj", "{2660FA06-DDCC-40D4-B2CE-9DD3778118F8}"
EndProject
Global
	GlobalSection(SolutionConfigurationPlatforms) = preSolution
		Debug|Any CPU = Debug|Any CPU
		Release|Any CPU = Release|Any CPU
	EndGlobalSection
	GlobalSection(ProjectConfigurationPlatforms) = postSolution
		{2660FA06-DDCC-40D4-B2CE-9DD3778118F8}.Debug|Any CPU.ActiveCfg = Debug|Any CPU
		{2660FA06-DDCC-40D4-B2CE-9DD3778118F8}.Debug|Any CPU.Build.0 = Debug|Any CPU
		{2660FA06-DDCC-40D4-B2CE-9DD3778118F8}.Release|Any CPU.ActiveCfg = Release|Any CPU
		{2660FA06-DDCC-40D4-B2CE-9DD3778118F8}.Release|Any CPU.Build.0 = Release|Any CPU
	EndGlobalSection
	GlobalSection(SolutionProperties) = preSolution
		HideSolutionNode = FALSE
	EndGlobalSection
	GlobalSection(ExtensibilityGlobals) = postSolution
		SolutionGuid = {6049153B-75C6-446B-AE61-A553A4E4419D}
	EndGlobalSection
EndGlobal
